
Microsoft Visual Studio Solution File, Format Version 12.00
# Visual Studio 15
VisualStudioVersion = 15.0.28307.1145
MinimumVisualStudioVersion = 10.0.40219.1
Project("{FAE04EC0-301F-11D3-BF4B-00C04F79EFBC}") = "20200522會員資料寫入方法串接", "20200522會員資料寫入方法串接\20200522會員資料寫入方法串接.csproj", "{612DF043-1E8D-4B4E-B16D-E180A5327E2E}"
EndProject
Global
	GlobalSection(SolutionConfigurationPlatforms) = preSolution
		Debug|Any CPU = Debug|Any CPU
		Release|Any CPU = Release|Any CPU
	EndGlobalSection
	GlobalSection(ProjectConfigurationPlatforms) = postSolution
		{612DF043-1E8D-4B4E-B16D-E180A5327E2E}.Debug|Any CPU.ActiveCfg = Debug|Any CPU
		{612DF043-1E8D-4B4E-B16D-E180A5327E2E}.Debug|Any CPU.Build.0 = Debug|Any CPU
		{612DF043-1E8D-4B4E-B16D-E180A5327E2E}.Release|Any CPU.ActiveCfg = Release|Any CPU
		{612DF043-1E8D-4B4E-B16D-E180A5327E2E}.Release|Any CPU.Build.0 = Release|Any CPU
	EndGlobalSection
	GlobalSection(SolutionProperties) = preSolution
		HideSolutionNode = FALSE
	EndGlobalSection
	GlobalSection(ExtensibilityGlobals) = postSolution
		SolutionGuid = {8B2A1B55-271F-4D45-B7A1-E064AD1ED6E4}
	EndGlobalSection
EndGlobal
